
Microsoft Visual Studio Solution File, Format Version 12.00
# Visual Studio 15
VisualStudioVersion = 15.0.28010.2003
MinimumVisualStudioVersion = 10.0.40219.1
Project("{9A19103F-16F7-4668-BE54-9A1E7A4F7556}") = "ImageServer.Tests", "ImageServer.Tests\ImageServer.Tests.csproj", "{93CF6562-CBC2-499A-95F5-2FC77180F318}"
EndProject
Project("{9A19103F-16F7-4668-BE54-9A1E7A4F7556}") = "ImageServer", "ImageServer\ImageServer.csproj", "{6A6974C0-B899-4DD7-AEA3-7182C548B192}"
EndProject
Project("{FAE04EC0-301F-11D3-BF4B-00C04F79EFBC}") = "ImageServer.Demo", "ImageServer.Demo\ImageServer.Demo.csproj", "{DAEB36A0-03EF-4306-9BFA-2D385147F685}"
EndProject
Global
	GlobalSection(SolutionConfigurationPlatforms) = preSolution
		Debug|Any CPU = Debug|Any CPU
		Release|Any CPU = Release|Any CPU
	EndGlobalSection
	GlobalSection(ProjectConfigurationPlatforms) = postSolution
		{93CF6562-CBC2-499A-95F5-2FC77180F318}.Debug|Any CPU.ActiveCfg = Debug|Any CPU
		{93CF6562-CBC2-499A-95F5-2FC77180F318}.Debug|Any CPU.Build.0 = Debug|Any CPU
		{93CF6562-CBC2-499A-95F5-2FC77180F318}.Release|Any CPU.ActiveCfg = Release|Any CPU
		{93CF6562-CBC2-499A-95F5-2FC77180F318}.Release|Any CPU.Build.0 = Release|Any CPU
		{6A6974C0-B899-4DD7-AEA3-7182C548B192}.Debug|Any CPU.ActiveCfg = Debug|Any CPU
		{6A6974C0-B899-4DD7-AEA3-7182C548B192}.Debug|Any CPU.Build.0 = Debug|Any CPU
		{6A6974C0-B899-4DD7-AEA3-7182C548B192}.Release|Any CPU.ActiveCfg = Release|Any CPU
		{6A6974C0-B899-4DD7-AEA3-7182C548B192}.Release|Any CPU.Build.0 = Release|Any CPU
		{DAEB36A0-03EF-4306-9BFA-2D385147F685}.Debug|Any CPU.ActiveCfg = Debug|Any CPU
		{DAEB36A0-03EF-4306-9BFA-2D385147F685}.Debug|Any CPU.Build.0 = Debug|Any CPU
		{DAEB36A0-03EF-4306-9BFA-2D385147F685}.Release|Any CPU.ActiveCfg = Release|Any CPU
		{DAEB36A0-03EF-4306-9BFA-2D385147F685}.Release|Any CPU.Build.0 = Release|Any CPU
	EndGlobalSection
	GlobalSection(SolutionProperties) = preSolution
		HideSolutionNode = FALSE
	EndGlobalSection
	GlobalSection(ExtensibilityGlobals) = postSolution
		SolutionGuid = {40EAA240-7221-4789-8BB8-AF42B7E61700}
	EndGlobalSection
EndGlobal
